
Microsoft Visual Studio Solution File, Format Version 12.00
# Visual Studio Version 16
VisualStudioVersion = 16.0.29709.97
MinimumVisualStudioVersion = 10.0.40219.1
Project("{FAE04EC0-301F-11D3-BF4B-00C04F79EFBC}") = "ApiBase", "ApiBase\ApiBase.csproj", "{041136F8-A658-404A-8971-C1105DCB1C5B}"
EndProject
Global
	GlobalSection(SolutionConfigurationPlatforms) = preSolution
		Debug|Any CPU = Debug|Any CPU
		Release|Any CPU = Release|Any CPU
	EndGlobalSection
	GlobalSection(ProjectConfigurationPlatforms) = postSolution
		{041136F8-A658-404A-8971-C1105DCB1C5B}.Debug|Any CPU.ActiveCfg = Debug|Any CPU
		{041136F8-A658-404A-8971-C1105DCB1C5B}.Debug|Any CPU.Build.0 = Debug|Any CPU
		{041136F8-A658-404A-8971-C1105DCB1C5B}.Release|Any CPU.ActiveCfg = Release|Any CPU
		{041136F8-A658-404A-8971-C1105DCB1C5B}.Release|Any CPU.Build.0 = Release|Any CPU
	EndGlobalSection
	GlobalSection(SolutionProperties) = preSolution
		HideSolutionNode = FALSE
	EndGlobalSection
	GlobalSection(ExtensibilityGlobals) = postSolution
		SolutionGuid = {743112F3-6DA7-408C-8AD3-8E70A9F56059}
	EndGlobalSection
EndGlobal
